
Microsoft Visual Studio Solution File, Format Version 12.00
# Visual Studio Version 17
VisualStudioVersion = 17.14.35906.104 d17.14
MinimumVisualStudioVersion = 10.0.40219.1
Project("{FAE04EC0-301F-11D3-BF4B-00C04F79EFBC}") = "Anno1800LogoModGenerator", "Anno1800LogoModGenerator.csproj", "{78342B83-129C-45FE-AD72-09AD1A1DDD72}"
EndProject
Global
	GlobalSection(SolutionConfigurationPlatforms) = preSolution
		Debug|Any CPU = Debug|Any CPU
		Release|Any CPU = Release|Any CPU
	EndGlobalSection
	GlobalSection(ProjectConfigurationPlatforms) = postSolution
		{78342B83-129C-45FE-AD72-09AD1A1DDD72}.Debug|Any CPU.ActiveCfg = Debug|Any CPU
		{78342B83-129C-45FE-AD72-09AD1A1DDD72}.Debug|Any CPU.Build.0 = Debug|Any CPU
		{78342B83-129C-45FE-AD72-09AD1A1DDD72}.Release|Any CPU.ActiveCfg = Release|Any CPU
		{78342B83-129C-45FE-AD72-09AD1A1DDD72}.Release|Any CPU.Build.0 = Release|Any CPU
	EndGlobalSection
	GlobalSection(SolutionProperties) = preSolution
		HideSolutionNode = FALSE
	EndGlobalSection
	GlobalSection(ExtensibilityGlobals) = postSolution
		SolutionGuid = {609BCEEA-063D-4366-9DA5-2DEE310273BA}
	EndGlobalSection
EndGlobal
